{
  "name": "miniprogram",
  "version": "1.0.0",
  "lockfileVersion": 1,
  "requires": true,
  "dependencies": {
    "@vant/weapp": {
      "version": "1.0.2",
      "resolved": "https://registry.npmjs.org/@vant/weapp/-/weapp-1.0.2.tgz",
      "integrity": "sha512-NERTwTyjgwRhtyuYQzS3a6xSZk6xTeJcDU7t8rxRO+xlBGMdMK9w2VseJUgWPPSftsZrsp6uK5C7aVo06NFbnA=="
    },
    "cos-wx-sdk-v5": {
      "version": "0.7.9",
      "resolved": "https://registry.npmjs.org/cos-wx-sdk-v5/-/cos-wx-sdk-v5-0.7.9.tgz",
      "integrity": "sha512-7FWmNTenLipmX1GQxUy//Z3wmf4xm0SzWg7aV9mhj5slKlnzJa6JFyHM13q7AdSIVW4Ejrxx7ETjNEwXwKqG7A==",
      "requires": {
        "xmldom": "^0.1.27"
      }
    },
    "xmldom": {
      "version": "0.1.31",
      "resolved": "https://registry.npmjs.org/xmldom/-/xmldom-0.1.31.tgz",
      "integrity": "sha512-yS2uJflVQs6n+CyjHoaBmVSqIDevTAWrzMmjG1Gc7h1qQ7uVozNhEPJAwZXWyGQ/Gafo3fCwrcaokezLPupVyQ=="
    }
  }
}
